{
    "_meta": {
        "hash": {
            "sha256": "39497d521bdc3c34543d494447687a6bb8fc6860beb5b4463f13e424790c326d"
        },
        "pipfile-spec": 6,
        "requires": {
            "python_version": "3.12"
        },
        "sources": [
            {
                "name": "pypi",
                "url": "https://pypi.org/simple",
                "verify_ssl": true
            }
        ]
    },
    "default": {
        "pyserial": {
            "hashes": [
                "sha256:3c77e014170dfffbd816e6ffc205e9842efb10be9f58ec16d3e8675b4925cddb",
                "sha256:c4451db6ba391ca6ca299fb3ec7bae67a5c55dde170964c7a14ceefec02f2cf0"
            ],
            "index": "pypi",
            "version": "==3.5"
        },
        "termcolor": {
            "hashes": [
                "sha256:348871ca648ec6a9a983a13ab626c0acce02f515b9e1983332b17af7979521c5",
                "sha256:cf642efadaf0a8ebbbf4bc7a31cec2f9b5f21a9f726f4ccbb08192c9c26f43a5"
            ],
            "index": "pypi",
            "markers": "python_version >= '3.10'",
            "version": "==3.3.0"
        }
    },
    "develop": {}
}
